
Microsoft Visual Studio Solution File, Format Version 10.00
# Visual Studio 2008
Project("{FAE04EC0-301F-11D3-BF4B-00C04F79EFBC}") = "NetFx", "Source\NetFx.csproj", "{A3B3F0C9-5ECC-4B8D-BD27-4BEA94277D28}"
EndProject
Project("{FAE04EC0-301F-11D3-BF4B-00C04F79EFBC}") = "NetFx.UnitTests", "UnitTests\NetFx.UnitTests.csproj", "{96945E66-41EE-499F-A9AB-F033309C57FA}"
EndProject
Project("{2150E333-8FDC-42A3-9474-1A3956D46DE8}") = "Projects", "Projects", "{8C800C03-6E03-4963-8EEC-D1ECEF17F82A}"
EndProject
Project("{FAE04EC0-301F-11D3-BF4B-00C04F79EFBC}") = "ServiceModel", "Source\ServiceModel\ServiceModel.csproj", "{ECECCF97-761E-43D3-9178-D22BCB5AC37B}"
EndProject
Project("{2150E333-8FDC-42A3-9474-1A3956D46DE8}") = "Solution Items", "Solution Items", "{30DF7443-F068-4EB1-9645-A68B66AEEC0A}"
EndProject
Project("{FAE04EC0-301F-11D3-BF4B-00C04F79EFBC}") = "Diagnostics", "Source\Diagnostics\Diagnostics.csproj", "{354D0AA2-E7AF-4963-A3BA-8C9C81DF480D}"
EndProject
Project("{FAE04EC0-301F-11D3-BF4B-00C04F79EFBC}") = "Xml", "Source\Xml\Xml.csproj", "{C71B2E1B-62EE-4569-9666-F8828750D289}"
EndProject
Global
	GlobalSection(SolutionConfigurationPlatforms) = preSolution
		Debug|Any CPU = Debug|Any CPU
		Release|Any CPU = Release|Any CPU
	EndGlobalSection
	GlobalSection(ProjectConfigurationPlatforms) = postSolution
		{A3B3F0C9-5ECC-4B8D-BD27-4BEA94277D28}.Debug|Any CPU.ActiveCfg = Debug|Any CPU
		{A3B3F0C9-5ECC-4B8D-BD27-4BEA94277D28}.Debug|Any CPU.Build.0 = Debug|Any CPU
		{A3B3F0C9-5ECC-4B8D-BD27-4BEA94277D28}.Release|Any CPU.ActiveCfg = Release|Any CPU
		{A3B3F0C9-5ECC-4B8D-BD27-4BEA94277D28}.Release|Any CPU.Build.0 = Release|Any CPU
		{96945E66-41EE-499F-A9AB-F033309C57FA}.Debug|Any CPU.ActiveCfg = Debug|Any CPU
		{96945E66-41EE-499F-A9AB-F033309C57FA}.Debug|Any CPU.Build.0 = Debug|Any CPU
		{96945E66-41EE-499F-A9AB-F033309C57FA}.Release|Any CPU.ActiveCfg = Release|Any CPU
		{96945E66-41EE-499F-A9AB-F033309C57FA}.Release|Any CPU.Build.0 = Release|Any CPU
		{ECECCF97-761E-43D3-9178-D22BCB5AC37B}.Debug|Any CPU.ActiveCfg = Debug|Any CPU
		{ECECCF97-761E-43D3-9178-D22BCB5AC37B}.Debug|Any CPU.Build.0 = Debug|Any CPU
		{ECECCF97-761E-43D3-9178-D22BCB5AC37B}.Release|Any CPU.ActiveCfg = Release|Any CPU
		{ECECCF97-761E-43D3-9178-D22BCB5AC37B}.Release|Any CPU.Build.0 = Release|Any CPU
		{354D0AA2-E7AF-4963-A3BA-8C9C81DF480D}.Debug|Any CPU.ActiveCfg = Debug|Any CPU
		{354D0AA2-E7AF-4963-A3BA-8C9C81DF480D}.Debug|Any CPU.Build.0 = Debug|Any CPU
		{354D0AA2-E7AF-4963-A3BA-8C9C81DF480D}.Release|Any CPU.ActiveCfg = Release|Any CPU
		{354D0AA2-E7AF-4963-A3BA-8C9C81DF480D}.Release|Any CPU.Build.0 = Release|Any CPU
		{C71B2E1B-62EE-4569-9666-F8828750D289}.Debug|Any CPU.ActiveCfg = Debug|Any CPU
		{C71B2E1B-62EE-4569-9666-F8828750D289}.Debug|Any CPU.Build.0 = Debug|Any CPU
		{C71B2E1B-62EE-4569-9666-F8828750D289}.Release|Any CPU.ActiveCfg = Release|Any CPU
		{C71B2E1B-62EE-4569-9666-F8828750D289}.Release|Any CPU.Build.0 = Release|Any CPU
	EndGlobalSection
	GlobalSection(SolutionProperties) = preSolution
		HideSolutionNode = FALSE
	EndGlobalSection
	GlobalSection(NestedProjects) = preSolution
		{ECECCF97-761E-43D3-9178-D22BCB5AC37B} = {8C800C03-6E03-4963-8EEC-D1ECEF17F82A}
		{354D0AA2-E7AF-4963-A3BA-8C9C81DF480D} = {8C800C03-6E03-4963-8EEC-D1ECEF17F82A}
		{C71B2E1B-62EE-4569-9666-F8828750D289} = {8C800C03-6E03-4963-8EEC-D1ECEF17F82A}
	EndGlobalSection
EndGlobal
